{
  "name": "proofread-transparency",
  "version": "1.0.0",
  "lockfileVersion": 3,
  "requires": true,
  "packages": {
    "": {
      "name": "proofread-transparency",
      "version": "1.0.0",
      "license": "MIT",
      "dependencies": {
        "@otskit/client": "0.7.1"
      }
    },
    "node_modules/@otskit/client": {
      "version": "0.7.1",
      "resolved": "https://registry.npmjs.org/@otskit/client/-/client-0.7.1.tgz",
      "integrity": "sha512-sMSDBb872o1QEa4yyYS4rJ3hjmasR/t1eWyTH0VkwKXfDjyXtX5+//FqVrlquXxcvuRRs//Q+CgRuAUdSJjwOQ==",
      "license": "MIT",
      "dependencies": {
        "@otskit/core": "^0.2.0"
      },
      "engines": {
        "node": ">=20.0.0"
      }
    },
    "node_modules/@otskit/core": {
      "version": "0.2.0",
      "resolved": "https://registry.npmjs.org/@otskit/core/-/core-0.2.0.tgz",
      "integrity": "sha512-2VQ6XYdwpsKPOTn29Qr7Bo6nIbnqYDWc1EG78yHIEddJKJCFk+rRCo2eg12nBsBtyiI3IT+VmS5dLN/xU6zIiA==",
      "license": "MIT",
      "engines": {
        "node": ">=20.0.0"
      }
    }
  }
}
